
Microsoft Visual Studio Solution File, Format Version 12.00
# Visual Studio Version 17
VisualStudioVersion = 17.2.32516.85
MinimumVisualStudioVersion = 10.0.40219.1
Project("{FAE04EC0-301F-11D3-BF4B-00C04F79EFBC}") = "SteamLinkTool", "SteamLinkTool.csproj", "{438B3E2A-5368-4C82-94BB-E7A80D015D5A}"
EndProject
Global
	GlobalSection(SolutionConfigurationPlatforms) = preSolution
		Debug|Any CPU = Debug|Any CPU
		Release|Any CPU = Release|Any CPU
	EndGlobalSection
	GlobalSection(ProjectConfigurationPlatforms) = postSolution
		{438B3E2A-5368-4C82-94BB-E7A80D015D5A}.Debug|Any CPU.ActiveCfg = Debug|Any CPU
		{438B3E2A-5368-4C82-94BB-E7A80D015D5A}.Debug|Any CPU.Build.0 = Debug|Any CPU
		{438B3E2A-5368-4C82-94BB-E7A80D015D5A}.Release|Any CPU.ActiveCfg = Release|Any CPU
		{438B3E2A-5368-4C82-94BB-E7A80D015D5A}.Release|Any CPU.Build.0 = Release|Any CPU
	EndGlobalSection
	GlobalSection(SolutionProperties) = preSolution
		HideSolutionNode = FALSE
	EndGlobalSection
	GlobalSection(ExtensibilityGlobals) = postSolution
		SolutionGuid = {1083653B-9DB5-4C62-858C-935A8D4DC061}
	EndGlobalSection
EndGlobal
